# THIS IS AN AUTOGENERATED FILE. DO NOT EDIT THIS FILE DIRECTLY.
# yarn lockfile v1


"@babel/runtime@^7.12.5":
  version "7.12.13"
  resolved "https://registry.yarnpkg.com/@babel/runtime/-/runtime-7.12.13.tgz#0a21452352b02542db0ffb928ac2d3ca7cb6d66d"
  integrity sha512-8+3UMPBrjFa/6TtKi/7sehPKqfAm4g6K+YQjyyFOLUTxzOngcRZTlAVY8sc2CORJYqdHQY8gRPHmn+qo15rCBw==
  dependencies:
    regenerator-runtime "^0.13.4"

"@scarf/scarf@^1.1.0":
  version "1.1.0"
  resolved "https://registry.yarnpkg.com/@scarf/scarf/-/scarf-1.1.0.tgz#b84b4a91cd938a688d36245b7a7db6fbc476a499"
  integrity sha512-b2iE8kjjzzUo2WZ0xuE2N77kfnTds7ClrDxcz3Atz7h2XrNVoAPUoT75i7CY0st5x++70V91Y+c6RpBX9MX7Jg==

polished@^4.1.0:
  version "4.1.0"
  resolved "https://registry.yarnpkg.com/polished/-/polished-4.1.0.tgz#ab80c10e04fdf8795faee723b59577de18d2936b"
  integrity sha512-y8IInTGHuwku7+O+wsJ7OOvNpJF7EPP/IDzF1uj9UJfEEKpMAfeq5gZ5UrtOksM7Jk4+hBAk6Ce8rFOOF4msZg==
  dependencies:
    "@babel/runtime" "^7.12.5"
    "@scarf/scarf" "^1.1.0"

react-icons@^4.2.0:
  version "4.2.0"
  resolved "https://registry.yarnpkg.com/react-icons/-/react-icons-4.2.0.tgz#6dda80c8a8f338ff96a1851424d63083282630d0"
  integrity sha512-rmzEDFt+AVXRzD7zDE21gcxyBizD/3NqjbX6cmViAgdqfJ2UiLer8927/QhhrXQV7dEj/1EGuOTPp7JnLYVJKQ==

regenerator-runtime@^0.13.4:
  version "0.13.7"
  resolved "https://registry.yarnpkg.com/regenerator-runtime/-/regenerator-runtime-0.13.7.tgz#cac2dacc8a1ea675feaabaeb8ae833898ae46f55"
  integrity sha512-a54FxoJDIr27pgf7IgeQGxmqUNYrcV338lf/6gH456HZ/PhX+5BcwHXG9ajESmwe6WRO0tAzRUrRmNONWgkrew==
